PODS:
  - Bolts (1.8.4):
    - Bolts/AppLinks (= 1.8.4)
    - Bolts/Tasks (= 1.8.4)
  - Bolts/AppLinks (1.8.4):
    - Bolts/Tasks
  - Bolts/Tasks (1.8.4)
  - Crashlytics (3.8.4):
    - Fabric (~> 1.6.3)
  - Fabric (1.6.11)
  - FBAudienceNetwork (4.23.0)
  - FBSDKCoreKit (4.23.0):
    - Bolts (~> 1.7)
  - FBSDKLoginKit (4.23.0):
    - FBSDKCoreKit
  - FBSDKShareKit (4.23.0):
    - FBSDKCoreKit
  - Firebase/Core (4.0.0):
    - FirebaseAnalytics (= 4.0.0)
    - FirebaseCore (= 4.0.0)
  - FirebaseAnalytics (4.0.0):
    - FirebaseCore (~> 4.0)
    - FirebaseInstanceID (~> 2.0)
    - GoogleToolboxForMac/NSData+zlib (~> 2.1)
  - FirebaseCore (4.0.0):
    - GoogleToolboxForMac/NSData+zlib (~> 2.1)
  - FirebaseInstanceID (2.0.0):
    - FirebaseCore (~> 4.0)
  - GoogleToolboxForMac/Defines (2.1.1)
  - GoogleToolboxForMac/NSData+zlib (2.1.1):
    - GoogleToolboxForMac/Defines (= 2.1.1)
  - React (0.45.0):
    - React/Core (= 0.45.0)
  - React/BatchedBridge (0.45.0):
    - React/Core
    - React/cxxreact_legacy
  - React/Core (0.45.0):
    - Yoga (= 0.45.0.React)
  - React/cxxreact_legacy (0.45.0):
    - React/jschelpers_legacy
  - React/jschelpers_legacy (0.45.0)
  - ReactNativeFabric (0.4.1):
    - Crashlytics
    - Fabric
    - React
  - ReactNativeFBAds (4.2.0):
    - FBAudienceNetwork
    - React
  - Yoga (0.45.0.React)

DEPENDENCIES:
  - Bolts
  - FBAudienceNetwork
  - FBSDKCoreKit
  - FBSDKLoginKit
  - FBSDKShareKit
  - Firebase/Core
  - React/BatchedBridge (from `../node_modules/react-native`)
  - ReactNativeFabric (from `../node_modules/react-native-fabric`)
  - ReactNativeFBAds (from `../node_modules/react-native-fbads`)
  - Yoga (from `../node_modules/react-native/ReactCommon/yoga`)

EXTERNAL SOURCES:
  React:
    :path: "../node_modules/react-native"
  ReactNativeFabric:
    :path: "../node_modules/react-native-fabric"
  ReactNativeFBAds:
    :path: "../node_modules/react-native-fbads"
  Yoga:
    :path: "../node_modules/react-native/ReactCommon/yoga"

SPEC CHECKSUMS:
  Bolts: 8a7995239dbe724f9cba2248b766d48b7ebdd322
  Crashlytics: 79e236942ca1e7fc641df1feb9a275360a78ab6a
  Fabric: 5911403591946b8228ab1c51d98f1d7137e863c6
  FBAudienceNetwork: 20a0e3d20e377dbb6708365e4c6d0711bf08ca97
  FBSDKCoreKit: d7829f5a69901cd7296105328e4c3c3fc7da6518
  FBSDKLoginKit: 6b92bd65f319d669d2b0730e49db495ef1660566
  FBSDKShareKit: 65751c3b9937ab9d594e6c37611ecc115ceeb448
  Firebase: 284eea779b73fdff309791817da7c68bff8dd572
  FirebaseAnalytics: 6f08e746f7d66f5452931bc2e822b5df9c66b64a
  FirebaseCore: 85ad466044c2f013cdb167f85d426d15b128114a
  FirebaseInstanceID: 9fbf536668f4d3f0880e7438456dabd1376e294b
  GoogleToolboxForMac: 8e329f1b599f2512c6b10676d45736bcc2cbbeb0
  React: '079987d4da21f41f2e7cb7fb8138dd8182c72361'
  ReactNativeFabric: b7d9763b3f8fd580ac208b2af84cca725f4922f4
  ReactNativeFBAds: ce298fe4c45fd2fab512f9e8ed298b208d8d420e
  Yoga: ce6d240407bac1a2740784a53b8091ca6d376dc5

PODFILE CHECKSUM: 78763337fbab7a4bf44c06c9351922a3bd48be98

COCOAPODS: 1.2.1
