PODS:
  - Crashlytics (3.8.4):
    - Fabric (~> 1.6.3)
  - Fabric (1.6.11)
  - Firebase/Core (4.0.0):
    - FirebaseAnalytics (= 4.0.0)
    - FirebaseCore (= 4.0.0)
  - FirebaseAnalytics (4.0.0):
    - FirebaseCore (~> 4.0)
    - FirebaseInstanceID (~> 2.0)
    - GoogleToolboxForMac/NSData+zlib (~> 2.1)
  - FirebaseCore (4.0.0):
    - GoogleToolboxForMac/NSData+zlib (~> 2.1)
  - FirebaseInstanceID (2.0.0):
    - FirebaseCore (~> 4.0)
  - GoogleToolboxForMac/Defines (2.1.1)
  - GoogleToolboxForMac/NSData+zlib (2.1.1):
    - GoogleToolboxForMac/Defines (= 2.1.1)
  - KSCrash/Core (1.15.11):
    - KSCrash/Reporting/Filters/Basic
  - KSCrash/Recording (1.15.11):
    - KSCrash/Recording/Tools (= 1.15.11)
  - KSCrash/Recording/Tools (1.15.11)
  - KSCrash/Reporting/Filters/Base (1.15.11):
    - KSCrash/Recording
  - KSCrash/Reporting/Filters/Basic (1.15.11):
    - KSCrash/Recording
    - KSCrash/Reporting/Filters/Base
  - React (0.46.2):
    - React/Core (= 0.46.2)
  - react-native-splash-screen (2.1.0):
    - React
  - React/BatchedBridge (0.46.2):
    - React/Core
    - React/cxxreact_legacy
  - React/Core (0.46.2):
    - Yoga (= 0.46.2.React)
  - React/cxxreact_legacy (0.46.2):
    - React/jschelpers_legacy
  - React/jschelpers_legacy (0.46.2)
  - ReactNativeFabric (0.4.1):
    - Crashlytics
    - Fabric
    - React
  - Sentry (3.1.2):
    - Sentry/Core (= 3.1.2)
  - Sentry/Core (3.1.2)
  - Sentry/KSCrash (3.1.2):
    - KSCrash/Core (~> 1.15.9)
  - SentryReactNative (0.14.5):
    - React
    - Sentry (~> 3.1.2)
    - Sentry/KSCrash (~> 3.1.2)
  - Yoga (0.46.2.React)

DEPENDENCIES:
  - Firebase/Core (= 4.0.0)
  - react-native-splash-screen (from `../node_modules/react-native-splash-screen`)
  - React/BatchedBridge (from `../node_modules/react-native`)
  - ReactNativeFabric (from `../node_modules/react-native-fabric`)
  - Sentry (= 3.1.2)
  - SentryReactNative (from `../node_modules/react-native-sentry`)
  - Yoga (from `../node_modules/react-native/ReactCommon/yoga`)

EXTERNAL SOURCES:
  React:
    :path: "../node_modules/react-native"
  react-native-splash-screen:
    :path: "../node_modules/react-native-splash-screen"
  ReactNativeFabric:
    :path: "../node_modules/react-native-fabric"
  SentryReactNative:
    :path: "../node_modules/react-native-sentry"
  Yoga:
    :path: "../node_modules/react-native/ReactCommon/yoga"

SPEC CHECKSUMS:
  Crashlytics: 79e236942ca1e7fc641df1feb9a275360a78ab6a
  Fabric: 5911403591946b8228ab1c51d98f1d7137e863c6
  Firebase: 284eea779b73fdff309791817da7c68bff8dd572
  FirebaseAnalytics: 6f08e746f7d66f5452931bc2e822b5df9c66b64a
  FirebaseCore: 85ad466044c2f013cdb167f85d426d15b128114a
  FirebaseInstanceID: 9fbf536668f4d3f0880e7438456dabd1376e294b
  GoogleToolboxForMac: 8e329f1b599f2512c6b10676d45736bcc2cbbeb0
  KSCrash: 7bd106ca4a2247774deeeb587c740ce0207de8f3
  React: e411ac90946fd9f5716de12ae5e9624d162e437c
  react-native-splash-screen: 4b3b6080654d361ff15689d60cf6e61b82061ccf
  ReactNativeFabric: b7d9763b3f8fd580ac208b2af84cca725f4922f4
  Sentry: 5a578891f177e994d89d57effc70adb97bfb29db
  SentryReactNative: 8f251df76f03c5ee42e702f37a41803709632217
  Yoga: 660d1f0e92d085b3e6b5adc310184a4cd527adcd

PODFILE CHECKSUM: 6d1cc2d08f42fc24fda006566e83ffff4dd87989

COCOAPODS: 1.2.1
